
Microsoft Visual Studio Solution File, Format Version 12.00
# Visual Studio Version 16
VisualStudioVersion = 16.0.31129.286
MinimumVisualStudioVersion = 10.0.40219.1
Project("{FAE04EC0-301F-11D3-BF4B-00C04F79EFBC}") = "BooksApi", "BooksApi\BooksApi.csproj", "{76A80D6E-F2F5-449E-9E7E-10A27E575A04}"
EndProject
Global
	GlobalSection(SolutionConfigurationPlatforms) = preSolution
		Debug|Any CPU = Debug|Any CPU
		Release|Any CPU = Release|Any CPU
	EndGlobalSection
	GlobalSection(ProjectConfigurationPlatforms) = postSolution
		{76A80D6E-F2F5-449E-9E7E-10A27E575A04}.Debug|Any CPU.ActiveCfg = Debug|Any CPU
		{76A80D6E-F2F5-449E-9E7E-10A27E575A04}.Debug|Any CPU.Build.0 = Debug|Any CPU
		{76A80D6E-F2F5-449E-9E7E-10A27E575A04}.Release|Any CPU.ActiveCfg = Release|Any CPU
		{76A80D6E-F2F5-449E-9E7E-10A27E575A04}.Release|Any CPU.Build.0 = Release|Any CPU
	EndGlobalSection
	GlobalSection(SolutionProperties) = preSolution
		HideSolutionNode = FALSE
	EndGlobalSection
	GlobalSection(ExtensibilityGlobals) = postSolution
		SolutionGuid = {B2799D4F-289A-40EC-A053-B23535240078}
	EndGlobalSection
EndGlobal
